{
  "originHash" : "da1b8d53747ed3a05d8e36b2882c3cb3a39ecccae3fbd0dea15e8ea56e8342a4",
  "pins" : [
    {
      "identity" : "felinepine",
      "kind" : "remoteSourceControl",
      "location" : "https://github.com/brightdigit/FelinePine.git",
      "state" : {
        "revision" : "d2ed8f98a67e45bfa89d3947ea99fcf9b5260064",
        "version" : "1.0.0-beta.4"
      }
    },
    {
      "identity" : "swift-log",
      "kind" : "remoteSourceControl",
      "location" : "https://github.com/apple/swift-log.git",
      "state" : {
        "revision" : "9cb486020ebf03bfa5b5df985387a14a98744537",
        "version" : "1.6.1"
      }
    }
  ],
  "version" : 3
}
