{
  "pins" : [
    {
      "identity" : "felinepine",
      "kind" : "remoteSourceControl",
      "location" : "https://github.com/brightdigit/FelinePine.git",
      "state" : {
        "revision" : "b89389fcf3f1100d0765a6a21244df02b00fbc9e",
        "version" : "1.0.0-beta.5"
      }
    },
    {
      "identity" : "swift-log",
      "kind" : "remoteSourceControl",
      "location" : "https://github.com/apple/swift-log.git",
      "state" : {
        "revision" : "9cb486020ebf03bfa5b5df985387a14a98744537",
        "version" : "1.6.1"
      }
    }
  ],
  "version" : 2
}
