{
  "originHash" : "28b443d0df58e9261cac33476db9d19e01adfe25cec03143cedec6132ec7c7d8",
  "pins" : [
    {
      "identity" : "felinepine",
      "kind" : "remoteSourceControl",
      "location" : "https://github.com/brightdigit/FelinePine.git",
      "state" : {
        "branch" : "v1.0.0-beta.5",
        "revision" : "60dcf34263cc53fcf59bfda7d54f2034afc3c6ce"
      }
    },
    {
      "identity" : "swift-log",
      "kind" : "remoteSourceControl",
      "location" : "https://github.com/apple/swift-log.git",
      "state" : {
        "revision" : "9cb486020ebf03bfa5b5df985387a14a98744537",
        "version" : "1.6.1"
      }
    }
  ],
  "version" : 2
}
